{
  "name": "calculonumericofinal",
  "version": "1.0.0",
  "lockfileVersion": 1,
  "requires": true,
  "dependencies": {
    "@josh-brown/vector": {
      "version": "3.4.0",
      "resolved": "https://registry.npmjs.org/@josh-brown/vector/-/vector-3.4.0.tgz",
      "integrity": "sha512-E2FcWwiAMXwr4MUv+SkxmtKsgwgaEaCNK7IlyCfQ1Rz1QzeaV36SooA8/GNkLh0WnlIda59WmDDSL7S1S73lUg=="
    }
  }
}
